
Microsoft Visual Studio Solution File, Format Version 12.00
# Visual Studio Version 17
VisualStudioVersion = 17.11.35327.3
MinimumVisualStudioVersion = 10.0.40219.1
Project("{FAE04EC0-301F-11D3-BF4B-00C04F79EFBC}") = "START.Personal.CodingTracker", "START.Personal.CodingTracker.csproj", "{F0BAE481-4B50-4576-80D5-FE1CCA17A021}"
EndProject
Global
	GlobalSection(SolutionConfigurationPlatforms) = preSolution
		Debug|Any CPU = Debug|Any CPU
		Release|Any CPU = Release|Any CPU
	EndGlobalSection
	GlobalSection(ProjectConfigurationPlatforms) = postSolution
		{F0BAE481-4B50-4576-80D5-FE1CCA17A021}.Debug|Any CPU.ActiveCfg = Debug|Any CPU
		{F0BAE481-4B50-4576-80D5-FE1CCA17A021}.Debug|Any CPU.Build.0 = Debug|Any CPU
		{F0BAE481-4B50-4576-80D5-FE1CCA17A021}.Release|Any CPU.ActiveCfg = Release|Any CPU
		{F0BAE481-4B50-4576-80D5-FE1CCA17A021}.Release|Any CPU.Build.0 = Release|Any CPU
	EndGlobalSection
	GlobalSection(SolutionProperties) = preSolution
		HideSolutionNode = FALSE
	EndGlobalSection
	GlobalSection(ExtensibilityGlobals) = postSolution
		SolutionGuid = {7E013589-34F3-48F1-8DFC-FE933584B0CD}
	EndGlobalSection
EndGlobal
